// !$*UTF8*$!
{
	archiveVersion = 1;
	classes = {
	};
	objectVersion = 46;
	objects = {

/* Begin PBXBuildFile section */
		120C34461BBDAD2900475EAA /* AppDelegate.swift in Sources */ = {isa = PBXBuildFile; fileRef = 120C34451BBDAD2900475EAA /* AppDelegate.swift */; };
		120C344B1BBDAD2900475EAA /* Main.storyboard in Resources */ = {isa = PBXBuildFile; fileRef = 120C34491BBDAD2900475EAA /* Main.storyboard */; };
		120C344D1BBDAD2900475EAA /* Assets.xcassets in Resources */ = {isa = PBXBuildFile; fileRef = 120C344C1BBDAD2900475EAA /* Assets.xcassets */; };
		120C34501BBDAD2900475EAA /* LaunchScreen.storyboard in Resources */ = {isa = PBXBuildFile; fileRef = 120C344E1BBDAD2900475EAA /* LaunchScreen.storyboard */; };
		120C345B1BBDAD2900475EAA /* ZoomingIconsMenuTests.swift in Sources */ = {isa = PBXBuildFile; fileRef = 120C345A1BBDAD2900475EAA /* ZoomingIconsMenuTests.swift */; };
		120C34661BBDB46B00475EAA /* MenuViewController.swift in Sources */ = {isa = PBXBuildFile; fileRef = 120C34651BBDB46B00475EAA /* MenuViewController.swift */; settings = {ASSET_TAGS = (); }; };
		120C34681BBDB5E800475EAA /* Zooming-Icons.xcassets in Resources */ = {isa = PBXBuildFile; fileRef = 120C34671BBDB5E800475EAA /* Zooming-Icons.xcassets */; settings = {ASSET_TAGS = (); }; };
/* End PBXBuildFile section */

/* Begin PBXContainerItemProxy section */
		120C34571BBDAD2900475EAA /* PBXContainerItemProxy */ = {
			isa = PBXContainerItemProxy;
			containerPortal = 120C343A1BBDAD2900475EAA /* Project object */;
			proxyType = 1;
			remoteGlobalIDString = 120C34411BBDAD2900475EAA;
			remoteInfo = ZoomingIconsMenu;
		};
/* End PBXContainerItemProxy section */

/* Begin PBXFileReference section */
		120C34421BBDAD2900475EAA /* ZoomingIconsMenu.app */ = {isa = PBXFileReference; explicitFileType = wrapper.application; includeInIndex = 0; path = ZoomingIconsMenu.app; sourceTree = BUILT_PRODUCTS_DIR; };
		120C34451BBDAD2900475EAA /* AppDelegate.swift */ = {isa = PBXFileReference; lastKnownFileType = sourcecode.swift; path = AppDelegate.swift; sourceTree = "<group>"; };
		120C344A1BBDAD2900475EAA /* Base */ = {isa = PBXFileReference; lastKnownFileType = file.storyboard; name = Base; path = Base.lproj/Main.storyboard; sourceTree = "<group>"; };
		120C344C1BBDAD2900475EAA /* Assets.xcassets */ = {isa = PBXFileReference; lastKnownFileType = folder.assetcatalog; path = Assets.xcassets; sourceTree = "<group>"; };
		120C344F1BBDAD2900475EAA /* Base */ = {isa = PBXFileReference; lastKnownFileType = file.storyboard; name = Base; path = Base.lproj/LaunchScreen.storyboard; sourceTree = "<group>"; };
		120C34511BBDAD2900475EAA /* Info.plist */ = {isa = PBXFileReference; lastKnownFileType = text.plist.xml; path = Info.plist; sourceTree = "<group>"; };
		120C34561BBDAD2900475EAA /* ZoomingIconsMenuTests.xctest */ = {isa = PBXFileReference; explicitFileType = wrapper.cfbundle; includeInIndex = 0; path = ZoomingIconsMenuTests.xctest; sourceTree = BUILT_PRODUCTS_DIR; };
		120C345A1BBDAD2900475EAA /* ZoomingIconsMenuTests.swift */ = {isa = PBXFileReference; lastKnownFileType = sourcecode.swift; path = ZoomingIconsMenuTests.swift; sourceTree = "<group>"; };
		120C345C1BBDAD2900475EAA /* Info.plist */ = {isa = PBXFileReference; lastKnownFileType = text.plist.xml; path = Info.plist; sourceTree = "<group>"; };
		120C34651BBDB46B00475EAA /* MenuViewController.swift */ = {isa = PBXFileReference; fileEncoding = 4; lastKnownFileType = sourcecode.swift; path = MenuViewController.swift; sourceTree = "<group>"; };
		120C34671BBDB5E800475EAA /* Zooming-Icons.xcassets */ = {isa = PBXFileReference; lastKnownFileType = folder.assetcatalog; path = "Zooming-Icons.xcassets"; sourceTree = "<group>"; };
/* End PBXFileReference section */

/* Begin PBXFrameworksBuildPhase section */
		120C343F1BBDAD2900475EAA /* Frameworks */ = {
			isa = PBXFrameworksBuildPhase;
			buildActionMask = 2147483647;
			files = (
			);
			runOnlyForDeploymentPostprocessing = 0;
		};
		120C34531BBDAD2900475EAA /* Frameworks */ = {
			isa = PBXFrameworksBuildPhase;
			buildActionMask = 2147483647;
			files = (
			);
			runOnlyForDeploymentPostprocessing = 0;
		};
/* End PBXFrameworksBuildPhase section */

/* Begin PBXGroup section */
		120C34391BBDAD2900475EAA = {
			isa = PBXGroup;
			children = (
				120C34441BBDAD2900475EAA /* ZoomingIconsMenu */,
				120C34591BBDAD2900475EAA /* ZoomingIconsMenuTests */,
				120C34431BBDAD2900475EAA /* Products */,
			);
			sourceTree = "<group>";
		};
		120C34431BBDAD2900475EAA /* Products */ = {
			isa = PBXGroup;
			children = (
				120C34421BBDAD2900475EAA /* ZoomingIconsMenu.app */,
				120C34561BBDAD2900475EAA /* ZoomingIconsMenuTests.xctest */,
			);
			name = Products;
			sourceTree = "<group>";
		};
		120C34441BBDAD2900475EAA /* ZoomingIconsMenu */ = {
			isa = PBXGroup;
			children = (
				120C34451BBDAD2900475EAA /* AppDelegate.swift */,
				120C34651BBDB46B00475EAA /* MenuViewController.swift */,
				120C34491BBDAD2900475EAA /* Main.storyboard */,
				120C344C1BBDAD2900475EAA /* Assets.xcassets */,
				120C34671BBDB5E800475EAA /* Zooming-Icons.xcassets */,
				120C344E1BBDAD2900475EAA /* LaunchScreen.storyboard */,
				120C34511BBDAD2900475EAA /* Info.plist */,
			);
			path = ZoomingIconsMenu;
			sourceTree = "<group>";
		};
		120C34591BBDAD2900475EAA /* ZoomingIconsMenuTests */ = {
			isa = PBXGroup;
			children = (
				120C345A1BBDAD2900475EAA /* ZoomingIconsMenuTests.swift */,
				120C345C1BBDAD2900475EAA /* Info.plist */,
			);
			path = ZoomingIconsMenuTests;
			sourceTree = "<group>";
		};
/* End PBXGroup section */

/* Begin PBXNativeTarget section */
		120C34411BBDAD2900475EAA /* ZoomingIconsMenu */ = {
			isa = PBXNativeTarget;
			buildConfigurationList = 120C345F1BBDAD2900475EAA /* Build configuration list for PBXNativeTarget "ZoomingIconsMenu" */;
			buildPhases = (
				120C343E1BBDAD2900475EAA /* Sources */,
				120C343F1BBDAD2900475EAA /* Frameworks */,
				120C34401BBDAD2900475EAA /* Resources */,
			);
			buildRules = (
			);
			dependencies = (
			);
			name = ZoomingIconsMenu;
			productName = ZoomingIconsMenu;
			productReference = 120C34421BBDAD2900475EAA /* ZoomingIconsMenu.app */;
			productType = "com.apple.product-type.application";
		};
		120C34551BBDAD2900475EAA /* ZoomingIconsMenuTests */ = {
			isa = PBXNativeTarget;
			buildConfigurationList = 120C34621BBDAD2900475EAA /* Build configuration list for PBXNativeTarget "ZoomingIconsMenuTests" */;
			buildPhases = (
				120C34521BBDAD2900475EAA /* Sources */,
				120C34531BBDAD2900475EAA /* Frameworks */,
				120C34541BBDAD2900475EAA /* Resources */,
			);
			buildRules = (
			);
			dependencies = (
				120C34581BBDAD2900475EAA /* PBXTargetDependency */,
			);
			name = ZoomingIconsMenuTests;
			productName = ZoomingIconsMenuTests;
			productReference = 120C34561BBDAD2900475EAA /* ZoomingIconsMenuTests.xctest */;
			productType = "com.apple.product-type.bundle.unit-test";
		};
/* End PBXNativeTarget section */

/* Begin PBXProject section */
		120C343A1BBDAD2900475EAA /* Project object */ = {
			isa = PBXProject;
			attributes = {
				LastUpgradeCheck = 0700;
				ORGANIZATIONNAME = asu;
				TargetAttributes = {
					120C34411BBDAD2900475EAA = {
						CreatedOnToolsVersion = 7.0;
					};
					120C34551BBDAD2900475EAA = {
						CreatedOnToolsVersion = 7.0;
						TestTargetID = 120C34411BBDAD2900475EAA;
					};
				};
			};
			buildConfigurationList = 120C343D1BBDAD2900475EAA /* Build configuration list for PBXProject "ZoomingIconsMenu" */;
			compatibilityVersion = "Xcode 3.2";
			developmentRegion = English;
			hasScannedForEncodings = 0;
			knownRegions = (
				en,
				Base,
			);
			mainGroup = 120C34391BBDAD2900475EAA;
			productRefGroup = 120C34431BBDAD2900475EAA /* Products */;
			projectDirPath = "";
			projectRoot = "";
			targets = (
				120C34411BBDAD2900475EAA /* ZoomingIconsMenu */,
				120C34551BBDAD2900475EAA /* ZoomingIconsMenuTests */,
			);
		};
/* End PBXProject section */

/* Begin PBXResourcesBuildPhase section */
		120C34401BBDAD2900475EAA /* Resources */ = {
			isa = PBXResourcesBuildPhase;
			buildActionMask = 2147483647;
			files = (
				120C34501BBDAD2900475EAA /* LaunchScreen.storyboard in Resources */,
				120C344D1BBDAD2900475EAA /* Assets.xcassets in Resources */,
				120C34681BBDB5E800475EAA /* Zooming-Icons.xcassets in Resources */,
				120C344B1BBDAD2900475EAA /* Main.storyboard in Resources */,
			);
			runOnlyForDeploymentPostprocessing = 0;
		};
		120C34541BBDAD2900475EAA /* Resources */ = {
			isa = PBXResourcesBuildPhase;
			buildActionMask = 2147483647;
			files = (
			);
			runOnlyForDeploymentPostprocessing = 0;
		};
/* End PBXResourcesBuildPhase section */

/* Begin PBXSourcesBuildPhase section */
		120C343E1BBDAD2900475EAA /* Sources */ = {
			isa = PBXSourcesBuildPhase;
			buildActionMask = 2147483647;
			files = (
				120C34461BBDAD2900475EAA /* AppDelegate.swift in Sources */,
				120C34661BBDB46B00475EAA /* MenuViewController.swift in Sources */,
			);
			runOnlyForDeploymentPostprocessing = 0;
		};
		120C34521BBDAD2900475EAA /* Sources */ = {
			isa = PBXSourcesBuildPhase;
			buildActionMask = 2147483647;
			files = (
				120C345B1BBDAD2900475EAA /* ZoomingIconsMenuTests.swift in Sources */,
			);
			runOnlyForDeploymentPostprocessing = 0;
		};
/* End PBXSourcesBuildPhase section */

/* Begin PBXTargetDependency section */
		120C34581BBDAD2900475EAA /* PBXTargetDependency */ = {
			isa = PBXTargetDependency;
			target = 120C34411BBDAD2900475EAA /* ZoomingIconsMenu */;
			targetProxy = 120C34571BBDAD2900475EAA /* PBXContainerItemProxy */;
		};
/* End PBXTargetDependency section */

/* Begin PBXVariantGroup section */
		120C34491BBDAD2900475EAA /* Main.storyboard */ = {
			isa = PBXVariantGroup;
			children = (
				120C344A1BBDAD2900475EAA /* Base */,
			);
			name = Main.storyboard;
			sourceTree = "<group>";
		};
		120C344E1BBDAD2900475EAA /* LaunchScreen.storyboard */ = {
			isa = PBXVariantGroup;
			children = (
				120C344F1BBDAD2900475EAA /* Base */,
			);
			name = LaunchScreen.storyboard;
			sourceTree = "<group>";
		};
/* End PBXVariantGroup section */

/* Begin XCBuildConfiguration section */
		120C345D1BBDAD2900475EAA /* Debug */ = {
			isa = XCBuildConfiguration;
			buildSettings = {
				ALWAYS_SEARCH_USER_PATHS = NO;
				CLANG_CXX_LANGUAGE_STANDARD = "gnu++0x";
				CLANG_CXX_LIBRARY = "libc++";
				CLANG_ENABLE_MODULES = YES;
				CLANG_ENABLE_OBJC_ARC = YES;
				CLANG_WARN_BOOL_CONVERSION = YES;
				CLANG_WARN_CONSTANT_CONVERSION = YES;
				CLANG_WARN_DIRECT_OBJC_ISA_USAGE = YES_ERROR;
				CLANG_WARN_EMPTY_BODY = YES;
				CLANG_WARN_ENUM_CONVERSION = YES;
				CLANG_WARN_INT_CONVERSION = YES;
				CLANG_WARN_OBJC_ROOT_CLASS = YES_ERROR;
				CLANG_WARN_UNREACHABLE_CODE = YES;
				CLANG_WARN__DUPLICATE_METHOD_MATCH = YES;
				"CODE_SIGN_IDENTITY[sdk=iphoneos*]" = "iPhone Developer";
				COPY_PHASE_STRIP = NO;
				DEBUG_INFORMATION_FORMAT = dwarf;
				ENABLE_STRICT_OBJC_MSGSEND = YES;
				ENABLE_TESTABILITY = YES;
				GCC_C_LANGUAGE_STANDARD = gnu99;
				GCC_DYNAMIC_NO_PIC = NO;
				GCC_NO_COMMON_BLOCKS = YES;
				GCC_OPTIMIZATION_LEVEL = 0;
				GCC_PREPROCESSOR_DEFINITIONS = (
					"DEBUG=1",
					"$(inherited)",
				);
				GCC_WARN_64_TO_32_BIT_CONVERSION = YES;
				GCC_WARN_ABOUT_RETURN_TYPE = YES_ERROR;
				GCC_WARN_UNDECLARED_SELECTOR = YES;
				GCC_WARN_UNINITIALIZED_AUTOS = YES_AGGRESSIVE;
				GCC_WARN_UNUSED_FUNCTION = YES;
				GCC_WARN_UNUSED_VARIABLE = YES;
				IPHONEOS_DEPLOYMENT_TARGET = 9.0;
				MTL_ENABLE_DEBUG_INFO = YES;
				ONLY_ACTIVE_ARCH = YES;
				SDKROOT = iphoneos;
				SWIFT_OPTIMIZATION_LEVEL = "-Onone";
				TARGETED_DEVICE_FAMILY = "1,2";
			};
			name = Debug;
		};
		120C345E1BBDAD2900475EAA /* Release */ = {
			isa = XCBuildConfiguration;
			buildSettings = {
				ALWAYS_SEARCH_USER_PATHS = NO;
				CLANG_CXX_LANGUAGE_STANDARD = "gnu++0x";
				CLANG_CXX_LIBRARY = "libc++";
				CLANG_ENABLE_MODULES = YES;
				CLANG_ENABLE_OBJC_ARC = YES;
				CLANG_WARN_BOOL_CONVERSION = YES;
				CLANG_WARN_CONSTANT_CONVERSION = YES;
				CLANG_WARN_DIRECT_OBJC_ISA_USAGE = YES_ERROR;
				CLANG_WARN_EMPTY_BODY = YES;
				CLANG_WARN_ENUM_CONVERSION = YES;
				CLANG_WARN_INT_CONVERSION = YES;
				CLANG_WARN_OBJC_ROOT_CLASS = YES_ERROR;
				CLANG_WARN_UNREACHABLE_CODE = YES;
				CLANG_WARN__DUPLICATE_METHOD_MATCH = YES;
				"CODE_SIGN_IDENTITY[sdk=iphoneos*]" = "iPhone Developer";
				COPY_PHASE_STRIP = NO;
				DEBUG_INFORMATION_FORMAT = "dwarf-with-dsym";
				ENABLE_NS_ASSERTIONS = NO;
				ENABLE_STRICT_OBJC_MSGSEND = YES;
				GCC_C_LANGUAGE_STANDARD = gnu99;
				GCC_NO_COMMON_BLOCKS = YES;
				GCC_WARN_64_TO_32_BIT_CONVERSION = YES;
				GCC_WARN_ABOUT_RETURN_TYPE = YES_ERROR;
				GCC_WARN_UNDECLARED_SELECTOR = YES;
				GCC_WARN_UNINITIALIZED_AUTOS = YES_AGGRESSIVE;
				GCC_WARN_UNUSED_FUNCTION = YES;
				GCC_WARN_UNUSED_VARIABLE = YES;
				IPHONEOS_DEPLOYMENT_TARGET = 9.0;
				MTL_ENABLE_DEBUG_INFO = NO;
				SDKROOT = iphoneos;
				TARGETED_DEVICE_FAMILY = "1,2";
				VALIDATE_PRODUCT = YES;
			};
			name = Release;
		};
		120C34601BBDAD2900475EAA /* Debug */ = {
			isa = XCBuildConfiguration;
			buildSettings = {
				ASSETCATALOG_COMPILER_APPICON_NAME = AppIcon;
				INFOPLIST_FILE = ZoomingIconsMenu/Info.plist;
				LD_RUNPATH_SEARCH_PATHS = "$(inherited) @executable_path/Frameworks";
				PRODUCT_BUNDLE_IDENTIFIER = training.asu.ZoomingIconsMenu;
				PRODUCT_NAME = "$(TARGET_NAME)";
			};
			name = Debug;
		};
		120C34611BBDAD2900475EAA /* Release */ = {
			isa = XCBuildConfiguration;
			buildSettings = {
				ASSETCATALOG_COMPILER_APPICON_NAME = AppIcon;
				INFOPLIST_FILE = ZoomingIconsMenu/Info.plist;
				LD_RUNPATH_SEARCH_PATHS = "$(inherited) @executable_path/Frameworks";
				PRODUCT_BUNDLE_IDENTIFIER = training.asu.ZoomingIconsMenu;
				PRODUCT_NAME = "$(TARGET_NAME)";
			};
			name = Release;
		};
		120C34631BBDAD2900475EAA /* Debug */ = {
			isa = XCBuildConfiguration;
			buildSettings = {
				BUNDLE_LOADER = "$(TEST_HOST)";
				INFOPLIST_FILE = ZoomingIconsMenuTests/Info.plist;
				LD_RUNPATH_SEARCH_PATHS = "$(inherited) @executable_path/Frameworks @loader_path/Frameworks";
				PRODUCT_BUNDLE_IDENTIFIER = training.asu.ZoomingIconsMenuTests;
				PRODUCT_NAME = "$(TARGET_NAME)";
				TEST_HOST = "$(BUILT_PRODUCTS_DIR)/ZoomingIconsMenu.app/ZoomingIconsMenu";
			};
			name = Debug;
		};
		120C34641BBDAD2900475EAA /* Release */ = {
			isa = XCBuildConfiguration;
			buildSettings = {
				BUNDLE_LOADER = "$(TEST_HOST)";
				INFOPLIST_FILE = ZoomingIconsMenuTests/Info.plist;
				LD_RUNPATH_SEARCH_PATHS = "$(inherited) @executable_path/Frameworks @loader_path/Frameworks";
				PRODUCT_BUNDLE_IDENTIFIER = training.asu.ZoomingIconsMenuTests;
				PRODUCT_NAME = "$(TARGET_NAME)";
				TEST_HOST = "$(BUILT_PRODUCTS_DIR)/ZoomingIconsMenu.app/ZoomingIconsMenu";
			};
			name = Release;
		};
/* End XCBuildConfiguration section */

/* Begin XCConfigurationList section */
		120C343D1BBDAD2900475EAA /* Build configuration list for PBXProject "ZoomingIconsMenu" */ = {
			isa = XCConfigurationList;
			buildConfigurations = (
				120C345D1BBDAD2900475EAA /* Debug */,
				120C345E1BBDAD2900475EAA /* Release */,
			);
			defaultConfigurationIsVisible = 0;
			defaultConfigurationName = Release;
		};
		120C345F1BBDAD2900475EAA /* Build configuration list for PBXNativeTarget "ZoomingIconsMenu" */ = {
			isa = XCConfigurationList;
			buildConfigurations = (
				120C34601BBDAD2900475EAA /* Debug */,
				120C34611BBDAD2900475EAA /* Release */,
			);
			defaultConfigurationIsVisible = 0;
		};
		120C34621BBDAD2900475EAA /* Build configuration list for PBXNativeTarget "ZoomingIconsMenuTests" */ = {
			isa = XCConfigurationList;
			buildConfigurations = (
				120C34631BBDAD2900475EAA /* Debug */,
				120C34641BBDAD2900475EAA /* Release */,
			);
			defaultConfigurationIsVisible = 0;
		};
/* End XCConfigurationList section */
	};
	rootObject = 120C343A1BBDAD2900475EAA /* Project object */;
}
